{
  "name": "vue-stickto",
  "version": "0.0.1",
  "lockfileVersion": 1,
  "requires": true,
  "dependencies": {
    "stickto": {
      "version": "0.0.1",
      "resolved": "http://npm.gomefe.com/stickto/-/stickto-0.0.1.tgz",
      "integrity": "sha512-1rLOgbKicry7wzgo5th8F9+8OGfacT1CLCRoOBvGEWL84NYEdBf1rgvqgyc1Hevo5PbRzi0a9Gs+86YaihDBMg=="
    }
  }
}
